// !$*UTF8*$!
{
	archiveVersion = 1;
	classes = {
	};
	objectVersion = 56;
	objects = {

/* Begin PBXBuildFile section */
		D93D679F297EDA7200925735 /* Assets.xcassets in Resources */ = {isa = PBXBuildFile; fileRef = D93D679E297EDA7200925735 /* Assets.xcassets */; };
		D93D67A2297EDA7200925735 /* Preview Assets.xcassets in Resources */ = {isa = PBXBuildFile; fileRef = D93D67A1297EDA7200925735 /* Preview Assets.xcassets */; };
		D93D67AA297EDB6500925735 /* Theme.swift in Sources */ = {isa = PBXBuildFile; fileRef = D93D67A9297EDB6500925735 /* Theme.swift */; };
		D93D67AC297EDECC00925735 /* DailyScrum.swift in Sources */ = {isa = PBXBuildFile; fileRef = D93D67AB297EDECC00925735 /* DailyScrum.swift */; };
		D93D67AE297EE9A800925735 /* CardView.swift in Sources */ = {isa = PBXBuildFile; fileRef = D93D67AD297EE9A800925735 /* CardView.swift */; };
		D93D67B0297EF32800925735 /* TrailingIconLabelStyle.swift in Sources */ = {isa = PBXBuildFile; fileRef = D93D67AF297EF32800925735 /* TrailingIconLabelStyle.swift */; };
		D96DFD4A297F899C003E7A47 /* DetailEditView.swift in Sources */ = {isa = PBXBuildFile; fileRef = D96DFD49297F899C003E7A47 /* DetailEditView.swift */; };
		D96DFD4C297F89DB003E7A47 /* DetailView.swift in Sources */ = {isa = PBXBuildFile; fileRef = D96DFD4B297F89DB003E7A47 /* DetailView.swift */; };
		D96DFD4E297F8A12003E7A47 /* MettingView.swift in Sources */ = {isa = PBXBuildFile; fileRef = D96DFD4D297F8A12003E7A47 /* MettingView.swift */; };
		D96DFD50297F8A76003E7A47 /* ScrumView.swift in Sources */ = {isa = PBXBuildFile; fileRef = D96DFD4F297F8A76003E7A47 /* ScrumView.swift */; };
		D96DFD52297F8AB9003E7A47 /* ScrumApp.swift in Sources */ = {isa = PBXBuildFile; fileRef = D96DFD51297F8AB9003E7A47 /* ScrumApp.swift */; };
/* End PBXBuildFile section */

/* Begin PBXFileReference section */
		D93D6797297EDA6C00925735 /* CardViewTut.app */ = {isa = PBXFileReference; explicitFileType = wrapper.application; includeInIndex = 0; path = CardViewTut.app; sourceTree = BUILT_PRODUCTS_DIR; };
		D93D679E297EDA7200925735 /* Assets.xcassets */ = {isa = PBXFileReference; lastKnownFileType = folder.assetcatalog; path = Assets.xcassets; sourceTree = "<group>"; };
		D93D67A1297EDA7200925735 /* Preview Assets.xcassets */ = {isa = PBXFileReference; lastKnownFileType = folder.assetcatalog; path = "Preview Assets.xcassets"; sourceTree = "<group>"; };
		D93D67A9297EDB6500925735 /* Theme.swift */ = {isa = PBXFileReference; lastKnownFileType = sourcecode.swift; path = Theme.swift; sourceTree = "<group>"; };
		D93D67AB297EDECC00925735 /* DailyScrum.swift */ = {isa = PBXFileReference; lastKnownFileType = sourcecode.swift; path = DailyScrum.swift; sourceTree = "<group>"; };
		D93D67AD297EE9A800925735 /* CardView.swift */ = {isa = PBXFileReference; lastKnownFileType = sourcecode.swift; path = CardView.swift; sourceTree = "<group>"; };
		D93D67AF297EF32800925735 /* TrailingIconLabelStyle.swift */ = {isa = PBXFileReference; lastKnownFileType = sourcecode.swift; path = TrailingIconLabelStyle.swift; sourceTree = "<group>"; };
		D96DFD49297F899C003E7A47 /* DetailEditView.swift */ = {isa = PBXFileReference; lastKnownFileType = sourcecode.swift; path = DetailEditView.swift; sourceTree = "<group>"; };
		D96DFD4B297F89DB003E7A47 /* DetailView.swift */ = {isa = PBXFileReference; lastKnownFileType = sourcecode.swift; path = DetailView.swift; sourceTree = "<group>"; };
		D96DFD4D297F8A12003E7A47 /* MettingView.swift */ = {isa = PBXFileReference; lastKnownFileType = sourcecode.swift; path = MettingView.swift; sourceTree = "<group>"; };
		D96DFD4F297F8A76003E7A47 /* ScrumView.swift */ = {isa = PBXFileReference; lastKnownFileType = sourcecode.swift; path = ScrumView.swift; sourceTree = "<group>"; };
		D96DFD51297F8AB9003E7A47 /* ScrumApp.swift */ = {isa = PBXFileReference; lastKnownFileType = sourcecode.swift; path = ScrumApp.swift; sourceTree = "<group>"; };
/* End PBXFileReference section */

/* Begin PBXFrameworksBuildPhase section */
		D93D6794297EDA6C00925735 /* Frameworks */ = {
			isa = PBXFrameworksBuildPhase;
			buildActionMask = 2147483647;
			files = (
			);
			runOnlyForDeploymentPostprocessing = 0;
		};
/* End PBXFrameworksBuildPhase section */

/* Begin PBXGroup section */
		D93D678E297EDA6C00925735 = {
			isa = PBXGroup;
			children = (
				D93D6799297EDA6C00925735 /* CardViewTut */,
				D93D6798297EDA6C00925735 /* Products */,
			);
			sourceTree = "<group>";
		};
		D93D6798297EDA6C00925735 /* Products */ = {
			isa = PBXGroup;
			children = (
				D93D6797297EDA6C00925735 /* CardViewTut.app */,
			);
			name = Products;
			sourceTree = "<group>";
		};
		D93D6799297EDA6C00925735 /* CardViewTut */ = {
			isa = PBXGroup;
			children = (
				D93D67A8297EDB1700925735 /* Models */,
				D93D679E297EDA7200925735 /* Assets.xcassets */,
				D93D67A0297EDA7200925735 /* Preview Content */,
			);
			path = CardViewTut;
			sourceTree = "<group>";
		};
		D93D67A0297EDA7200925735 /* Preview Content */ = {
			isa = PBXGroup;
			children = (
				D93D67A1297EDA7200925735 /* Preview Assets.xcassets */,
			);
			path = "Preview Content";
			sourceTree = "<group>";
		};
		D93D67A8297EDB1700925735 /* Models */ = {
			isa = PBXGroup;
			children = (
				D93D67A9297EDB6500925735 /* Theme.swift */,
				D93D67AB297EDECC00925735 /* DailyScrum.swift */,
				D93D67AD297EE9A800925735 /* CardView.swift */,
				D93D67AF297EF32800925735 /* TrailingIconLabelStyle.swift */,
				D96DFD49297F899C003E7A47 /* DetailEditView.swift */,
				D96DFD4B297F89DB003E7A47 /* DetailView.swift */,
				D96DFD4D297F8A12003E7A47 /* MettingView.swift */,
				D96DFD4F297F8A76003E7A47 /* ScrumView.swift */,
				D96DFD51297F8AB9003E7A47 /* ScrumApp.swift */,
			);
			path = Models;
			sourceTree = "<group>";
		};
/* End PBXGroup section */

/* Begin PBXNativeTarget section */
		D93D6796297EDA6C00925735 /* CardViewTut */ = {
			isa = PBXNativeTarget;
			buildConfigurationList = D93D67A5297EDA7200925735 /* Build configuration list for PBXNativeTarget "CardViewTut" */;
			buildPhases = (
				D93D6793297EDA6C00925735 /* Sources */,
				D93D6794297EDA6C00925735 /* Frameworks */,
				D93D6795297EDA6C00925735 /* Resources */,
			);
			buildRules = (
			);
			dependencies = (
			);
			name = CardViewTut;
			productName = CardViewTut;
			productReference = D93D6797297EDA6C00925735 /* CardViewTut.app */;
			productType = "com.apple.product-type.application";
		};
/* End PBXNativeTarget section */

/* Begin PBXProject section */
		D93D678F297EDA6C00925735 /* Project object */ = {
			isa = PBXProject;
			attributes = {
				BuildIndependentTargetsInParallel = 1;
				LastSwiftUpdateCheck = 1420;
				LastUpgradeCheck = 1420;
				TargetAttributes = {
					D93D6796297EDA6C00925735 = {
						CreatedOnToolsVersion = 14.2;
					};
				};
			};
			buildConfigurationList = D93D6792297EDA6C00925735 /* Build configuration list for PBXProject "CardViewTut" */;
			compatibilityVersion = "Xcode 14.0";
			developmentRegion = en;
			hasScannedForEncodings = 0;
			knownRegions = (
				en,
				Base,
			);
			mainGroup = D93D678E297EDA6C00925735;
			productRefGroup = D93D6798297EDA6C00925735 /* Products */;
			projectDirPath = "";
			projectRoot = "";
			targets = (
				D93D6796297EDA6C00925735 /* CardViewTut */,
			);
		};
/* End PBXProject section */

/* Begin PBXResourcesBuildPhase section */
		D93D6795297EDA6C00925735 /* Resources */ = {
			isa = PBXResourcesBuildPhase;
			buildActionMask = 2147483647;
			files = (
				D93D67A2297EDA7200925735 /* Preview Assets.xcassets in Resources */,
				D93D679F297EDA7200925735 /* Assets.xcassets in Resources */,
			);
			runOnlyForDeploymentPostprocessing = 0;
		};
/* End PBXResourcesBuildPhase section */

/* Begin PBXSourcesBuildPhase section */
		D93D6793297EDA6C00925735 /* Sources */ = {
			isa = PBXSourcesBuildPhase;
			buildActionMask = 2147483647;
			files = (
				D93D67AC297EDECC00925735 /* DailyScrum.swift in Sources */,
				D96DFD4C297F89DB003E7A47 /* DetailView.swift in Sources */,
				D96DFD52297F8AB9003E7A47 /* ScrumApp.swift in Sources */,
				D93D67B0297EF32800925735 /* TrailingIconLabelStyle.swift in Sources */,
				D96DFD4A297F899C003E7A47 /* DetailEditView.swift in Sources */,
				D96DFD4E297F8A12003E7A47 /* MettingView.swift in Sources */,
				D93D67AA297EDB6500925735 /* Theme.swift in Sources */,
				D93D67AE297EE9A800925735 /* CardView.swift in Sources */,
				D96DFD50297F8A76003E7A47 /* ScrumView.swift in Sources */,
			);
			runOnlyForDeploymentPostprocessing = 0;
		};
/* End PBXSourcesBuildPhase section */

/* Begin XCBuildConfiguration section */
		D93D67A3297EDA7200925735 /* Debug */ = {
			isa = XCBuildConfiguration;
			buildSettings = {
				ALWAYS_SEARCH_USER_PATHS = NO;
				CLANG_ANALYZER_NONNULL = YES;
				CLANG_ANALYZER_NUMBER_OBJECT_CONVERSION = YES_AGGRESSIVE;
				CLANG_CXX_LANGUAGE_STANDARD = "gnu++20";
				CLANG_ENABLE_MODULES = YES;
				CLANG_ENABLE_OBJC_ARC = YES;
				CLANG_ENABLE_OBJC_WEAK = YES;
				CLANG_WARN_BLOCK_CAPTURE_AUTORELEASING = YES;
				CLANG_WARN_BOOL_CONVERSION = YES;
				CLANG_WARN_COMMA = YES;
				CLANG_WARN_CONSTANT_CONVERSION = YES;
				CLANG_WARN_DEPRECATED_OBJC_IMPLEMENTATIONS = YES;
				CLANG_WARN_DIRECT_OBJC_ISA_USAGE = YES_ERROR;
				CLANG_WARN_DOCUMENTATION_COMMENTS = YES;
				CLANG_WARN_EMPTY_BODY = YES;
				CLANG_WARN_ENUM_CONVERSION = YES;
				CLANG_WARN_INFINITE_RECURSION = YES;
				CLANG_WARN_INT_CONVERSION = YES;
				CLANG_WARN_NON_LITERAL_NULL_CONVERSION = YES;
				CLANG_WARN_OBJC_IMPLICIT_RETAIN_SELF = YES;
				CLANG_WARN_OBJC_LITERAL_CONVERSION = YES;
				CLANG_WARN_OBJC_ROOT_CLASS = YES_ERROR;
				CLANG_WARN_QUOTED_INCLUDE_IN_FRAMEWORK_HEADER = YES;
				CLANG_WARN_RANGE_LOOP_ANALYSIS = YES;
				CLANG_WARN_STRICT_PROTOTYPES = YES;
				CLANG_WARN_SUSPICIOUS_MOVE = YES;
				CLANG_WARN_UNGUARDED_AVAILABILITY = YES_AGGRESSIVE;
				CLANG_WARN_UNREACHABLE_CODE = YES;
				CLANG_WARN__DUPLICATE_METHOD_MATCH = YES;
				COPY_PHASE_STRIP = NO;
				DEBUG_INFORMATION_FORMAT = dwarf;
				ENABLE_STRICT_OBJC_MSGSEND = YES;
				ENABLE_TESTABILITY = YES;
				GCC_C_LANGUAGE_STANDARD = gnu11;
				GCC_DYNAMIC_NO_PIC = NO;
				GCC_NO_COMMON_BLOCKS = YES;
				GCC_OPTIMIZATION_LEVEL = 0;
				GCC_PREPROCESSOR_DEFINITIONS = (
					"DEBUG=1",
					"$(inherited)",
				);
				GCC_WARN_64_TO_32_BIT_CONVERSION = YES;
				GCC_WARN_ABOUT_RETURN_TYPE = YES_ERROR;
				GCC_WARN_UNDECLARED_SELECTOR = YES;
				GCC_WARN_UNINITIALIZED_AUTOS = YES_AGGRESSIVE;
				GCC_WARN_UNUSED_FUNCTION = YES;
				GCC_WARN_UNUSED_VARIABLE = YES;
				IPHONEOS_DEPLOYMENT_TARGET = 16.2;
				MTL_ENABLE_DEBUG_INFO = INCLUDE_SOURCE;
				MTL_FAST_MATH = YES;
				ONLY_ACTIVE_ARCH = YES;
				SDKROOT = iphoneos;
				SWIFT_ACTIVE_COMPILATION_CONDITIONS = DEBUG;
				SWIFT_OPTIMIZATION_LEVEL = "-Onone";
			};
			name = Debug;
		};
		D93D67A4297EDA7200925735 /* Release */ = {
			isa = XCBuildConfiguration;
			buildSettings = {
				ALWAYS_SEARCH_USER_PATHS = NO;
				CLANG_ANALYZER_NONNULL = YES;
				CLANG_ANALYZER_NUMBER_OBJECT_CONVERSION = YES_AGGRESSIVE;
				CLANG_CXX_LANGUAGE_STANDARD = "gnu++20";
				CLANG_ENABLE_MODULES = YES;
				CLANG_ENABLE_OBJC_ARC = YES;
				CLANG_ENABLE_OBJC_WEAK = YES;
				CLANG_WARN_BLOCK_CAPTURE_AUTORELEASING = YES;
				CLANG_WARN_BOOL_CONVERSION = YES;
				CLANG_WARN_COMMA = YES;
				CLANG_WARN_CONSTANT_CONVERSION = YES;
				CLANG_WARN_DEPRECATED_OBJC_IMPLEMENTATIONS = YES;
				CLANG_WARN_DIRECT_OBJC_ISA_USAGE = YES_ERROR;
				CLANG_WARN_DOCUMENTATION_COMMENTS = YES;
				CLANG_WARN_EMPTY_BODY = YES;
				CLANG_WARN_ENUM_CONVERSION = YES;
				CLANG_WARN_INFINITE_RECURSION = YES;
				CLANG_WARN_INT_CONVERSION = YES;
				CLANG_WARN_NON_LITERAL_NULL_CONVERSION = YES;
				CLANG_WARN_OBJC_IMPLICIT_RETAIN_SELF = YES;
				CLANG_WARN_OBJC_LITERAL_CONVERSION = YES;
				CLANG_WARN_OBJC_ROOT_CLASS = YES_ERROR;
				CLANG_WARN_QUOTED_INCLUDE_IN_FRAMEWORK_HEADER = YES;
				CLANG_WARN_RANGE_LOOP_ANALYSIS = YES;
				CLANG_WARN_STRICT_PROTOTYPES = YES;
				CLANG_WARN_SUSPICIOUS_MOVE = YES;
				CLANG_WARN_UNGUARDED_AVAILABILITY = YES_AGGRESSIVE;
				CLANG_WARN_UNREACHABLE_CODE = YES;
				CLANG_WARN__DUPLICATE_METHOD_MATCH = YES;
				COPY_PHASE_STRIP = NO;
				DEBUG_INFORMATION_FORMAT = "dwarf-with-dsym";
				ENABLE_NS_ASSERTIONS = NO;
				ENABLE_STRICT_OBJC_MSGSEND = YES;
				GCC_C_LANGUAGE_STANDARD = gnu11;
				GCC_NO_COMMON_BLOCKS = YES;
				GCC_WARN_64_TO_32_BIT_CONVERSION = YES;
				GCC_WARN_ABOUT_RETURN_TYPE = YES_ERROR;
				GCC_WARN_UNDECLARED_SELECTOR = YES;
				GCC_WARN_UNINITIALIZED_AUTOS = YES_AGGRESSIVE;
				GCC_WARN_UNUSED_FUNCTION = YES;
				GCC_WARN_UNUSED_VARIABLE = YES;
				IPHONEOS_DEPLOYMENT_TARGET = 16.2;
				MTL_ENABLE_DEBUG_INFO = NO;
				MTL_FAST_MATH = YES;
				SDKROOT = iphoneos;
				SWIFT_COMPILATION_MODE = wholemodule;
				SWIFT_OPTIMIZATION_LEVEL = "-O";
				VALIDATE_PRODUCT = YES;
			};
			name = Release;
		};
		D93D67A6297EDA7200925735 /* Debug */ = {
			isa = XCBuildConfiguration;
			buildSettings = {
				ASSETCATALOG_COMPILER_APPICON_NAME = AppIcon;
				ASSETCATALOG_COMPILER_GLOBAL_ACCENT_COLOR_NAME = AccentColor;
				CODE_SIGN_STYLE = Automatic;
				CURRENT_PROJECT_VERSION = 1;
				DEVELOPMENT_ASSET_PATHS = "\"CardViewTut/Preview Content\"";
				ENABLE_PREVIEWS = YES;
				GENERATE_INFOPLIST_FILE = YES;
				INFOPLIST_KEY_UIApplicationSceneManifest_Generation = YES;
				INFOPLIST_KEY_UIApplicationSupportsIndirectInputEvents = YES;
				INFOPLIST_KEY_UILaunchScreen_Generation = YES;
				INFOPLIST_KEY_UISupportedInterfaceOrientations_iPad = "UIInterfaceOrientationPortrait UIInterfaceOrientationPortraitUpsideDown UIInterfaceOrientationLandscapeLeft UIInterfaceOrientationLandscapeRight";
				INFOPLIST_KEY_UISupportedInterfaceOrientations_iPhone = "UIInterfaceOrientationPortrait UIInterfaceOrientationLandscapeLeft UIInterfaceOrientationLandscapeRight";
				LD_RUNPATH_SEARCH_PATHS = (
					"$(inherited)",
					"@executable_path/Frameworks",
				);
				MARKETING_VERSION = 1.0;
				PRODUCT_BUNDLE_IDENTIFIER = s.CardViewTut;
				PRODUCT_NAME = "$(TARGET_NAME)";
				SWIFT_EMIT_LOC_STRINGS = YES;
				SWIFT_VERSION = 5.0;
				TARGETED_DEVICE_FAMILY = "1,2";
			};
			name = Debug;
		};
		D93D67A7297EDA7200925735 /* Release */ = {
			isa = XCBuildConfiguration;
			buildSettings = {
				ASSETCATALOG_COMPILER_APPICON_NAME = AppIcon;
				ASSETCATALOG_COMPILER_GLOBAL_ACCENT_COLOR_NAME = AccentColor;
				CODE_SIGN_STYLE = Automatic;
				CURRENT_PROJECT_VERSION = 1;
				DEVELOPMENT_ASSET_PATHS = "\"CardViewTut/Preview Content\"";
				ENABLE_PREVIEWS = YES;
				GENERATE_INFOPLIST_FILE = YES;
				INFOPLIST_KEY_UIApplicationSceneManifest_Generation = YES;
				INFOPLIST_KEY_UIApplicationSupportsIndirectInputEvents = YES;
				INFOPLIST_KEY_UILaunchScreen_Generation = YES;
				INFOPLIST_KEY_UISupportedInterfaceOrientations_iPad = "UIInterfaceOrientationPortrait UIInterfaceOrientationPortraitUpsideDown UIInterfaceOrientationLandscapeLeft UIInterfaceOrientationLandscapeRight";
				INFOPLIST_KEY_UISupportedInterfaceOrientations_iPhone = "UIInterfaceOrientationPortrait UIInterfaceOrientationLandscapeLeft UIInterfaceOrientationLandscapeRight";
				LD_RUNPATH_SEARCH_PATHS = (
					"$(inherited)",
					"@executable_path/Frameworks",
				);
				MARKETING_VERSION = 1.0;
				PRODUCT_BUNDLE_IDENTIFIER = s.CardViewTut;
				PRODUCT_NAME = "$(TARGET_NAME)";
				SWIFT_EMIT_LOC_STRINGS = YES;
				SWIFT_VERSION = 5.0;
				TARGETED_DEVICE_FAMILY = "1,2";
			};
			name = Release;
		};
/* End XCBuildConfiguration section */

/* Begin XCConfigurationList section */
		D93D6792297EDA6C00925735 /* Build configuration list for PBXProject "CardViewTut" */ = {
			isa = XCConfigurationList;
			buildConfigurations = (
				D93D67A3297EDA7200925735 /* Debug */,
				D93D67A4297EDA7200925735 /* Release */,
			);
			defaultConfigurationIsVisible = 0;
			defaultConfigurationName = Release;
		};
		D93D67A5297EDA7200925735 /* Build configuration list for PBXNativeTarget "CardViewTut" */ = {
			isa = XCConfigurationList;
			buildConfigurations = (
				D93D67A6297EDA7200925735 /* Debug */,
				D93D67A7297EDA7200925735 /* Release */,
			);
			defaultConfigurationIsVisible = 0;
			defaultConfigurationName = Release;
		};
/* End XCConfigurationList section */
	};
	rootObject = D93D678F297EDA6C00925735 /* Project object */;
}
